
Microsoft Visual Studio Solution File, Format Version 11.00
# Visual Studio 2010
Project("{54435603-DBB4-11D2-8724-00A0C9A8B90C}") = "TapLockInstaller", "TapLockInstaller\TapLockInstaller.vdproj", "{1418AEE3-9BB9-4914-8283-40971557E087}"
EndProject
Global
	GlobalSection(SolutionConfigurationPlatforms) = preSolution
		Debug|Default = Debug|Default
		Release|Default = Release|Default
	EndGlobalSection
	GlobalSection(ProjectConfigurationPlatforms) = postSolution
		{1418AEE3-9BB9-4914-8283-40971557E087}.Debug|Default.ActiveCfg = Debug
		{1418AEE3-9BB9-4914-8283-40971557E087}.Debug|Default.Build.0 = Debug
		{1418AEE3-9BB9-4914-8283-40971557E087}.Release|Default.ActiveCfg = Release
		{1418AEE3-9BB9-4914-8283-40971557E087}.Release|Default.Build.0 = Release
	EndGlobalSection
	GlobalSection(SolutionProperties) = preSolution
		HideSolutionNode = FALSE
	EndGlobalSection
EndGlobal
